Microsoft Visual Studio Solution File, Format Version 12.00
# Visual Studio Version 17
VisualStudioVersion = 17.0.31903.59
MinimumVisualStudioVersion = 10.0.40219.1
Project("{2150E333-8FDC-42A3-9474-1A3956D46DE8}") = "src", "src", "{827E0CD3-B72D-47B6-A68D-7590B98EB39B}"
EndProject
Project("{FAE04EC0-301F-11D3-BF4B-00C04F79EFBC}") = "TicTacToe.GameEngine", "src\TicTacToe.GameEngine\TicTacToe.GameEngine.csproj", "{2F24C0B2-652B-4F59-83DF-B4C8BEC378DF}"
EndProject
Project("{FAE04EC0-301F-11D3-BF4B-00C04F79EFBC}") = "TicTacToe.GameSession", "src\TicTacToe.GameSession\TicTacToe.GameSession.csproj", "{418779AD-0D36-47A0-BE1D-73A478033128}"
EndProject
Project("{2150E333-8FDC-42A3-9474-1A3956D46DE8}") = "tests", "tests", "{0AB3BF05-4346-4AA6-1389-037BE0695223}"
EndProject
Project("{FAE04EC0-301F-11D3-BF4B-00C04F79EFBC}") = "TicTacToe.GameEngine.Tests", "tests\TicTacToe.GameEngine.Tests\TicTacToe.GameEngine.Tests.csproj", "{B1C9E3B0-B7E2-4E5A-B00F-BEB79F7BB690}"
EndProject
Project("{FAE04EC0-301F-11D3-BF4B-00C04F79EFBC}") = "TicTacToe.GameSession.Tests", "tests\TicTacToe.GameSession.Tests\TicTacToe.GameSession.Tests.csproj", "{C1C710B-2637-4979-8294-50944E5C7810}"
EndProject
Global
	GlobalSection(SolutionConfigurationPlatforms) = preSolution
		Debug|Any CPU = Debug|Any CPU
		Debug|x64 = Debug|x64
		Debug|x86 = Debug|x86
		Release|Any CPU = Release|Any CPU
		Release|x64 = Release|x64
		Release|x86 = Release|x86
	EndGlobalSection
	GlobalSection(ProjectConfigurationPlatforms) = postSolution
		{2F24C0B2-652B-4F59-83DF-B4C8BEC378DF}.Debug|Any CPU.ActiveCfg = Debug|Any CPU
		{2F24C0B2-652B-4F59-83DF-B4C8BEC378DF}.Debug|Any CPU.Build.0 = Debug|Any CPU
		{2F24C0B2-652B-4F59-83DF-B4C8BEC378DF}.Debug|x64.ActiveCfg = Debug|Any CPU
		{2F24C0B2-652B-4F59-83DF-B4C8BEC378DF}.Debug|x64.Build.0 = Debug|Any CPU
		{2F24C0B2-652B-4F59-83DF-B4C8BEC378DF}.Debug|x86.ActiveCfg = Debug|Any CPU
		{2F24C0B2-652B-4F59-83DF-B4C8BEC378DF}.Debug|x86.Build.0 = Debug|Any CPU
		{2F24C0B2-652B-4F59-83DF-B4C8BEC378DF}.Release|Any CPU.ActiveCfg = Release|Any CPU
		{2F24C0B2-652B-4F59-83DF-B4C8BEC378DF}.Release|Any CPU.Build.0 = Release|Any CPU
		{2F24C0B2-652B-4F59-83DF-B4C8BEC378DF}.Release|x64.ActiveCfg = Release|Any CPU
		{2F24C0B2-652B-4F59-83DF-B4C8BEC378DF}.Release|x64.Build.0 = Release|Any CPU
		{2F24C0B2-652B-4F59-83DF-B4C8BEC378DF}.Release|x86.ActiveCfg = Release|Any CPU
		{2F24C0B2-652B-4F59-83DF-B4C8BEC378DF}.Release|x86.Build.0 = Release|Any CPU
		{418779AD-0D36-47A0-BE1D-73A478033128}.Debug|Any CPU.ActiveCfg = Debug|Any CPU
		{418779AD-0D36-47A0-BE1D-73A478033128}.Debug|Any CPU.Build.0 = Debug|Any CPU
		{418779AD-0D36-47A0-BE1D-73A478033128}.Debug|x64.ActiveCfg = Debug|Any CPU
		{418779AD-0D36-47A0-BE1D-73A478033128}.Debug|x64.Build.0 = Debug|Any CPU
		{418779AD-0D36-47A0-BE1D-73A478033128}.Debug|x86.ActiveCfg = Debug|Any CPU
		{418779AD-0D36-47A0-BE1D-73A478033128}.Debug|x86.Build.0 = Debug|Any CPU
		{418779AD-0D36-47A0-BE1D-73A478033128}.Release|Any CPU.ActiveCfg = Release|Any CPU
		{418779AD-0D36-47A0-BE1D-73A478033128}.Release|Any CPU.Build.0 = Release|Any CPU
		{418779AD-0D36-47A0-BE1D-73A478033128}.Release|x64.ActiveCfg = Release|Any CPU
		{418779AD-0D36-47A0-BE1D-73A478033128}.Release|x64.Build.0 = Release|Any CPU
		{418779AD-0D36-47A0-BE1D-73A478033128}.Release|x86.ActiveCfg = Release|Any CPU
		{418779AD-0D36-47A0-BE1D-73A478033128}.Release|x86.Build.0 = Release|Any CPU
		{B1C9E3B0-B7E2-4E5A-B00F-BEB79F7BB690}.Debug|Any CPU.ActiveCfg = Debug|Any CPU
		{B1C9E3B0-B7E2-4E5A-B00F-BEB79F7BB690}.Debug|Any CPU.Build.0 = Debug|Any CPU
		{B1C9E3B0-B7E2-4E5A-B00F-BEB79F7BB690}.Debug|x64.ActiveCfg = Debug|Any CPU
		{B1C9E3B0-B7E2-4E5A-B00F-BEB79F7BB690}.Debug|x64.Build.0 = Debug|Any CPU
		{B1C9E3B0-B7E2-4E5A-B00F-BEB79F7BB690}.Debug|x86.ActiveCfg = Debug|Any CPU
		{B1C9E3B0-B7E2-4E5A-B00F-BEB79F7BB690}.Debug|x86.Build.0 = Debug|Any CPU
		{B1C9E3B0-B7E2-4E5A-B00F-BEB79F7BB690}.Release|Any CPU.ActiveCfg = Release|Any CPU
		{B1C9E3B0-B7E2-4E5A-B00F-BEB79F7BB690}.Release|Any CPU.Build.0 = Release|Any CPU
		{B1C9E3B0-B7E2-4E5A-B00F-BEB79F7BB690}.Release|x64.ActiveCfg = Release|Any CPU
		{B1C9E3B0-B7E2-4E5A-B00F-BEB79F7BB690}.Release|x64.Build.0 = Release|Any CPU
		{B1C9E3B0-B7E2-4E5A-B00F-BEB79F7BB690}.Release|x86.ActiveCfg = Release|Any CPU
		{B1C9E3B0-B7E2-4E5A-B00F-BEB79F7BB690}.Release|x86.Build.0 = Release|Any CPU
		{C1C710B-2637-4979-8294-50944E5C7810}.Debug|Any CPU.ActiveCfg = Debug|Any CPU
		{C1C710B-2637-4979-8294-50944E5C7810}.Debug|Any CPU.Build.0 = Debug|Any CPU
		{C1C710B-2637-4979-8294-50944E5C7810}.Release|Any CPU.ActiveCfg = Release|Any CPU
		{C1C710B-2637-4979-8294-50944E5C7810}.Release|Any CPU.Build.0 = Release|Any CPU
	EndGlobalSection
	GlobalSection(SolutionProperties) = preSolution
		HideSolutionNode = FALSE
	EndGlobalSection
	GlobalSection(NestedProjects) = preSolution
		{2F24C0B2-652B-4F59-83DF-B4C8BEC378DF} = {827E0CD3-B72D-47B6-A68D-7590B98EB39B}
		{418779AD-0D36-47A0-BE1D-73A478033128} = {827E0CD3-B72D-47B6-A68D-7590B98EB39B}
		{B1C9E3B0-B7E2-4E5A-B00F-BEB79F7BB690} = {0AB3BF05-4346-4AA6-1389-037BE0695223}
		{C1C710B-2637-4979-8294-50944E5C7810} = {0AB3BF05-4346-4AA6-1389-037BE0695223}
	EndGlobalSection
EndGlobal
